
Microsoft Visual Studio Solution File, Format Version 12.00
# Visual Studio Version 17
VisualStudioVersion = 17.14.36414.22 d17.14
MinimumVisualStudioVersion = 10.0.40219.1
Project("{FAE04EC0-301F-11D3-BF4B-00C04F79EFBC}") = "TicTacToe", "TicTacToe\TicTacToe.csproj", "{CF8C90B4-7371-46CD-8DA2-25EC64DD8A59}"
EndProject
Project("{2150E333-8FDC-42A3-9474-1A3956D46DE8}") = "Элементы решения", "Элементы решения", "{754FC069-D67B-A9D7-50A1-8D1CA196D8F1}"
EndProject
Global
	GlobalSection(SolutionConfigurationPlatforms) = preSolution
		Debug|Any CPU = Debug|Any CPU
		Release|Any CPU = Release|Any CPU
	EndGlobalSection
	GlobalSection(ProjectConfigurationPlatforms) = postSolution
		{CF8C90B4-7371-46CD-8DA2-25EC64DD8A59}.Debug|Any CPU.ActiveCfg = Debug|Any CPU
		{CF8C90B4-7371-46CD-8DA2-25EC64DD8A59}.Debug|Any CPU.Build.0 = Debug|Any CPU
		{CF8C90B4-7371-46CD-8DA2-25EC64DD8A59}.Release|Any CPU.ActiveCfg = Release|Any CPU
		{CF8C90B4-7371-46CD-8DA2-25EC64DD8A59}.Release|Any CPU.Build.0 = Release|Any CPU
	EndGlobalSection
	GlobalSection(SolutionProperties) = preSolution
		HideSolutionNode = FALSE
	EndGlobalSection
	GlobalSection(ExtensibilityGlobals) = postSolution
		SolutionGuid = {DCC5D070-15B4-40BE-8BB1-010A3A42AF2A}
	EndGlobalSection
EndGlobal
